{
  "id": "vote-game",
  "name": "votegame",
  "version": "0.0.1",
  "beta": true,
  "description": "A Voting Game",
  "longDescription": "A Voting Game",
  "configuration": "N/A",
  "category": "Fun",
  "businessId": "PDTw9Kzk8K",
  "price": 0,
  "releaseNotes": "Initial Release",
  "entrypoint": ""
}