{
  "id": "hyperbeam",
  "name": "Hyberbeam",
  "version": "0.1.1",
  "beta": true,
  "description": "Show embedded browser",
  "longDescription": "Show embedded browser",
  "configuration": "N/A",
  "category": "Developer Tools",
  "businessId": "QN4vyS5zGU",
  "price": 0,
  "releaseNotes": "Add icon",
  "entrypoint": "https://plugins.vatom.com/QN4vyS5zGU/c74845f53119634284def696bef72a94/plugin.js"
}