{
  "id": "vote-tools",
  "name": "Vote Tools",
  "version": "0.0.1",
  "beta": true,
  "description": "Voting Tools",
  "longDescription": "Tools that will help creating vote mechanics in Games",
  "configuration": "N/A",
  "category": "Fun",
  "businessId": "PDTw9Kzk8K",
  "price": 0,
  "releaseNotes": "Initial Release",
  "entrypoint": "https://plugins.vatominc.cool/PDTw9Kzk8K/a47e06b9e59850575e3e3a1280dd6503/plugin.js"
}
