{
  "id": "vote-tools",
  "name": "Vote Tools",
  "version": "0.0.2",
  "beta": true,
  "description": "Voting Tools",
  "longDescription": "Tools that will help creating vote mechanics in Games",
  "configuration": "N/A",
  "category": "Fun",
  "businessId": "PDTw9Kzk8K",
  "price": 0,
  "releaseNotes": "Fix undefined",
  "entrypoint": "https://plugins.vatominc.cool/PDTw9Kzk8K/7df8780f9cf4410731f8ec66c1139069/plugin.js"
}