{
  "id": "vote-tools",
  "name": "Vote Tools",
  "version": "0.1.1",
  "beta": true,
  "description": "Voting Tools",
  "longDescription": "Tools that will help creating vote mechanics in Games",
  "configuration": "N/A",
  "category": "Fun",
  "businessId": "PDTw9Kzk8K",
  "price": 0,
  "releaseNotes": "Fix update text value from other users",
  "entrypoint": "https://plugins.vatominc.cool/PDTw9Kzk8K/0beecd167cd6f5861c5ca453d7781b44/plugin.js"
}